// !$*UTF8*$!
{
	archiveVersion = 1;
	classes = {
	};
	objectVersion = 46;
	objects = {

/* Begin PBXBuildFile section */
		9CFB01001E638AE500D0AAA4 /* AppDelegate.swift in Sources */ = {isa = PBXBuildFile; fileRef = 9CFB00FF1E638AE500D0AAA4 /* AppDelegate.swift */; };
		9CFB01051E638AE500D0AAA4 /* Main.storyboard in Resources */ = {isa = PBXBuildFile; fileRef = 9CFB01031E638AE500D0AAA4 /* Main.storyboard */; };
		9CFB01071E638AE500D0AAA4 /* Assets.xcassets in Resources */ = {isa = PBXBuildFile; fileRef = 9CFB01061E638AE500D0AAA4 /* Assets.xcassets */; };
		9CFB010A1E638AE500D0AAA4 /* LaunchScreen.storyboard in Resources */ = {isa = PBXBuildFile; fileRef = 9CFB01081E638AE500D0AAA4 /* LaunchScreen.storyboard */; };
		9CFB01121E638B4400D0AAA4 /* LoginViewController.swift in Sources */ = {isa = PBXBuildFile; fileRef = 9CFB01111E638B4400D0AAA4 /* LoginViewController.swift */; };
/* End PBXBuildFile section */

/* Begin PBXFileReference section */
		9CFB00FC1E638AE500D0AAA4 /* SOCCDemo.app */ = {isa = PBXFileReference; explicitFileType = wrapper.application; includeInIndex = 0; path = SOCCDemo.app; sourceTree = BUILT_PRODUCTS_DIR; };
		9CFB00FF1E638AE500D0AAA4 /* AppDelegate.swift */ = {isa = PBXFileReference; lastKnownFileType = sourcecode.swift; path = AppDelegate.swift; sourceTree = "<group>"; };
		9CFB01041E638AE500D0AAA4 /* Base */ = {isa = PBXFileReference; lastKnownFileType = file.storyboard; name = Base; path = Base.lproj/Main.storyboard; sourceTree = "<group>"; };
		9CFB01061E638AE500D0AAA4 /* Assets.xcassets */ = {isa = PBXFileReference; lastKnownFileType = folder.assetcatalog; path = Assets.xcassets; sourceTree = "<group>"; };
		9CFB01091E638AE500D0AAA4 /* Base */ = {isa = PBXFileReference; lastKnownFileType = file.storyboard; name = Base; path = Base.lproj/LaunchScreen.storyboard; sourceTree = "<group>"; };
		9CFB010B1E638AE500D0AAA4 /* Info.plist */ = {isa = PBXFileReference; lastKnownFileType = text.plist.xml; path = Info.plist; sourceTree = "<group>"; };
		9CFB01111E638B4400D0AAA4 /* LoginViewController.swift */ = {isa = PBXFileReference; fileEncoding = 4; lastKnownFileType = sourcecode.swift; name = LoginViewController.swift; path = ../LoginViewController.swift; sourceTree = "<group>"; };
/* End PBXFileReference section */

/* Begin PBXFrameworksBuildPhase section */
		9CFB00F91E638AE500D0AAA4 /* Frameworks */ = {
			isa = PBXFrameworksBuildPhase;
			buildActionMask = 2147483647;
			files = (
			);
			runOnlyForDeploymentPostprocessing = 0;
		};
/* End PBXFrameworksBuildPhase section */

/* Begin PBXGroup section */
		9CFB00F31E638AE500D0AAA4 = {
			isa = PBXGroup;
			children = (
				9CFB00FE1E638AE500D0AAA4 /* SOCCDemo */,
				9CFB01131E638B4B00D0AAA4 /* UI Controller */,
				9CFB00FD1E638AE500D0AAA4 /* Products */,
			);
			sourceTree = "<group>";
		};
		9CFB00FD1E638AE500D0AAA4 /* Products */ = {
			isa = PBXGroup;
			children = (
				9CFB00FC1E638AE500D0AAA4 /* SOCCDemo.app */,
			);
			name = Products;
			sourceTree = "<group>";
		};
		9CFB00FE1E638AE500D0AAA4 /* SOCCDemo */ = {
			isa = PBXGroup;
			children = (
				9CFB00FF1E638AE500D0AAA4 /* AppDelegate.swift */,
				9CFB01031E638AE500D0AAA4 /* Main.storyboard */,
				9CFB01061E638AE500D0AAA4 /* Assets.xcassets */,
				9CFB01081E638AE500D0AAA4 /* LaunchScreen.storyboard */,
				9CFB010B1E638AE500D0AAA4 /* Info.plist */,
			);
			path = SOCCDemo;
			sourceTree = "<group>";
		};
		9CFB01131E638B4B00D0AAA4 /* UI Controller */ = {
			isa = PBXGroup;
			children = (
				9CFB01111E638B4400D0AAA4 /* LoginViewController.swift */,
			);
			name = "UI Controller";
			path = SOCCDemo;
			sourceTree = "<group>";
		};
/* End PBXGroup section */

/* Begin PBXNativeTarget section */
		9CFB00FB1E638AE500D0AAA4 /* SOCCDemo */ = {
			isa = PBXNativeTarget;
			buildConfigurationList = 9CFB010E1E638AE500D0AAA4 /* Build configuration list for PBXNativeTarget "SOCCDemo" */;
			buildPhases = (
				9CFB00F81E638AE500D0AAA4 /* Sources */,
				9CFB00F91E638AE500D0AAA4 /* Frameworks */,
				9CFB00FA1E638AE500D0AAA4 /* Resources */,
			);
			buildRules = (
			);
			dependencies = (
			);
			name = SOCCDemo;
			productName = SOCCDemo;
			productReference = 9CFB00FC1E638AE500D0AAA4 /* SOCCDemo.app */;
			productType = "com.apple.product-type.application";
		};
/* End PBXNativeTarget section */

/* Begin PBXProject section */
		9CFB00F41E638AE500D0AAA4 /* Project object */ = {
			isa = PBXProject;
			attributes = {
				LastSwiftUpdateCheck = 0820;
				LastUpgradeCheck = 0820;
				ORGANIZATIONNAME = "Martin Zhang";
				TargetAttributes = {
					9CFB00FB1E638AE500D0AAA4 = {
						CreatedOnToolsVersion = 8.2.1;
						DevelopmentTeam = FD5Z2GLC5U;
						ProvisioningStyle = Automatic;
					};
				};
			};
			buildConfigurationList = 9CFB00F71E638AE500D0AAA4 /* Build configuration list for PBXProject "SOCCDemo" */;
			compatibilityVersion = "Xcode 3.2";
			developmentRegion = English;
			hasScannedForEncodings = 0;
			knownRegions = (
				en,
				Base,
			);
			mainGroup = 9CFB00F31E638AE500D0AAA4;
			productRefGroup = 9CFB00FD1E638AE500D0AAA4 /* Products */;
			projectDirPath = "";
			projectRoot = "";
			targets = (
				9CFB00FB1E638AE500D0AAA4 /* SOCCDemo */,
			);
		};
/* End PBXProject section */

/* Begin PBXResourcesBuildPhase section */
		9CFB00FA1E638AE500D0AAA4 /* Resources */ = {
			isa = PBXResourcesBuildPhase;
			buildActionMask = 2147483647;
			files = (
				9CFB010A1E638AE500D0AAA4 /* LaunchScreen.storyboard in Resources */,
				9CFB01071E638AE500D0AAA4 /* Assets.xcassets in Resources */,
				9CFB01051E638AE500D0AAA4 /* Main.storyboard in Resources */,
			);
			runOnlyForDeploymentPostprocessing = 0;
		};
/* End PBXResourcesBuildPhase section */

/* Begin PBXSourcesBuildPhase section */
		9CFB00F81E638AE500D0AAA4 /* Sources */ = {
			isa = PBXSourcesBuildPhase;
			buildActionMask = 2147483647;
			files = (
				9CFB01121E638B4400D0AAA4 /* LoginViewController.swift in Sources */,
				9CFB01001E638AE500D0AAA4 /* AppDelegate.swift in Sources */,
			);
			runOnlyForDeploymentPostprocessing = 0;
		};
/* End PBXSourcesBuildPhase section */

/* Begin PBXVariantGroup section */
		9CFB01031E638AE500D0AAA4 /* Main.storyboard */ = {
			isa = PBXVariantGroup;
			children = (
				9CFB01041E638AE500D0AAA4 /* Base */,
			);
			name = Main.storyboard;
			sourceTree = "<group>";
		};
		9CFB01081E638AE500D0AAA4 /* LaunchScreen.storyboard */ = {
			isa = PBXVariantGroup;
			children = (
				9CFB01091E638AE500D0AAA4 /* Base */,
			);
			name = LaunchScreen.storyboard;
			sourceTree = "<group>";
		};
/* End PBXVariantGroup section */

/* Begin XCBuildConfiguration section */
		9CFB010C1E638AE500D0AAA4 /* Debug */ = {
			isa = XCBuildConfiguration;
			buildSettings = {
				ALWAYS_SEARCH_USER_PATHS = NO;
				CLANG_ANALYZER_NONNULL = YES;
				CLANG_CXX_LANGUAGE_STANDARD = "gnu++0x";
				CLANG_CXX_LIBRARY = "libc++";
				CLANG_ENABLE_MODULES = YES;
				CLANG_ENABLE_OBJC_ARC = YES;
				CLANG_WARN_BOOL_CONVERSION = YES;
				CLANG_WARN_CONSTANT_CONVERSION = YES;
				CLANG_WARN_DIRECT_OBJC_ISA_USAGE = YES_ERROR;
				CLANG_WARN_DOCUMENTATION_COMMENTS = YES;
				CLANG_WARN_EMPTY_BODY = YES;
				CLANG_WARN_ENUM_CONVERSION = YES;
				CLANG_WARN_INFINITE_RECURSION = YES;
				CLANG_WARN_INT_CONVERSION = YES;
				CLANG_WARN_OBJC_ROOT_CLASS = YES_ERROR;
				CLANG_WARN_SUSPICIOUS_MOVE = YES;
				CLANG_WARN_UNREACHABLE_CODE = YES;
				CLANG_WARN__DUPLICATE_METHOD_MATCH = YES;
				"CODE_SIGN_IDENTITY[sdk=iphoneos*]" = "iPhone Developer";
				COPY_PHASE_STRIP = NO;
				DEBUG_INFORMATION_FORMAT = dwarf;
				ENABLE_STRICT_OBJC_MSGSEND = YES;
				ENABLE_TESTABILITY = YES;
				GCC_C_LANGUAGE_STANDARD = gnu99;
				GCC_DYNAMIC_NO_PIC = NO;
				GCC_NO_COMMON_BLOCKS = YES;
				GCC_OPTIMIZATION_LEVEL = 0;
				GCC_PREPROCESSOR_DEFINITIONS = (
					"DEBUG=1",
					"$(inherited)",
				);
				GCC_WARN_64_TO_32_BIT_CONVERSION = YES;
				GCC_WARN_ABOUT_RETURN_TYPE = YES_ERROR;
				GCC_WARN_UNDECLARED_SELECTOR = YES;
				GCC_WARN_UNINITIALIZED_AUTOS = YES_AGGRESSIVE;
				GCC_WARN_UNUSED_FUNCTION = YES;
				GCC_WARN_UNUSED_VARIABLE = YES;
				IPHONEOS_DEPLOYMENT_TARGET = 10.2;
				MTL_ENABLE_DEBUG_INFO = YES;
				ONLY_ACTIVE_ARCH = YES;
				SDKROOT = iphoneos;
				SWIFT_ACTIVE_COMPILATION_CONDITIONS = DEBUG;
				SWIFT_OPTIMIZATION_LEVEL = "-Onone";
			};
			name = Debug;
		};
		9CFB010D1E638AE500D0AAA4 /* Release */ = {
			isa = XCBuildConfiguration;
			buildSettings = {
				ALWAYS_SEARCH_USER_PATHS = NO;
				CLANG_ANALYZER_NONNULL = YES;
				CLANG_CXX_LANGUAGE_STANDARD = "gnu++0x";
				CLANG_CXX_LIBRARY = "libc++";
				CLANG_ENABLE_MODULES = YES;
				CLANG_ENABLE_OBJC_ARC = YES;
				CLANG_WARN_BOOL_CONVERSION = YES;
				CLANG_WARN_CONSTANT_CONVERSION = YES;
				CLANG_WARN_DIRECT_OBJC_ISA_USAGE = YES_ERROR;
				CLANG_WARN_DOCUMENTATION_COMMENTS = YES;
				CLANG_WARN_EMPTY_BODY = YES;
				CLANG_WARN_ENUM_CONVERSION = YES;
				CLANG_WARN_INFINITE_RECURSION = YES;
				CLANG_WARN_INT_CONVERSION = YES;
				CLANG_WARN_OBJC_ROOT_CLASS = YES_ERROR;
				CLANG_WARN_SUSPICIOUS_MOVE = YES;
				CLANG_WARN_UNREACHABLE_CODE = YES;
				CLANG_WARN__DUPLICATE_METHOD_MATCH = YES;
				"CODE_SIGN_IDENTITY[sdk=iphoneos*]" = "iPhone Developer";
				COPY_PHASE_STRIP = NO;
				DEBUG_INFORMATION_FORMAT = "dwarf-with-dsym";
				ENABLE_NS_ASSERTIONS = NO;
				ENABLE_STRICT_OBJC_MSGSEND = YES;
				GCC_C_LANGUAGE_STANDARD = gnu99;
				GCC_NO_COMMON_BLOCKS = YES;
				GCC_WARN_64_TO_32_BIT_CONVERSION = YES;
				GCC_WARN_ABOUT_RETURN_TYPE = YES_ERROR;
				GCC_WARN_UNDECLARED_SELECTOR = YES;
				GCC_WARN_UNINITIALIZED_AUTOS = YES_AGGRESSIVE;
				GCC_WARN_UNUSED_FUNCTION = YES;
				GCC_WARN_UNUSED_VARIABLE = YES;
				IPHONEOS_DEPLOYMENT_TARGET = 10.2;
				MTL_ENABLE_DEBUG_INFO = NO;
				SDKROOT = iphoneos;
				SWIFT_OPTIMIZATION_LEVEL = "-Owholemodule";
				VALIDATE_PRODUCT = YES;
			};
			name = Release;
		};
		9CFB010F1E638AE500D0AAA4 /* Debug */ = {
			isa = XCBuildConfiguration;
			buildSettings = {
				ASSETCATALOG_COMPILER_APPICON_NAME = AppIcon;
				DEVELOPMENT_TEAM = FD5Z2GLC5U;
				INFOPLIST_FILE = SOCCDemo/Info.plist;
				LD_RUNPATH_SEARCH_PATHS = "$(inherited) @executable_path/Frameworks";
				PRODUCT_BUNDLE_IDENTIFIER = martinzhang.development.SOCCDemo;
				PRODUCT_NAME = "$(TARGET_NAME)";
				SWIFT_VERSION = 3.0;
			};
			name = Debug;
		};
		9CFB01101E638AE500D0AAA4 /* Release */ = {
			isa = XCBuildConfiguration;
			buildSettings = {
				ASSETCATALOG_COMPILER_APPICON_NAME = AppIcon;
				DEVELOPMENT_TEAM = FD5Z2GLC5U;
				INFOPLIST_FILE = SOCCDemo/Info.plist;
				LD_RUNPATH_SEARCH_PATHS = "$(inherited) @executable_path/Frameworks";
				PRODUCT_BUNDLE_IDENTIFIER = martinzhang.development.SOCCDemo;
				PRODUCT_NAME = "$(TARGET_NAME)";
				SWIFT_VERSION = 3.0;
			};
			name = Release;
		};
/* End XCBuildConfiguration section */

/* Begin XCConfigurationList section */
		9CFB00F71E638AE500D0AAA4 /* Build configuration list for PBXProject "SOCCDemo" */ = {
			isa = XCConfigurationList;
			buildConfigurations = (
				9CFB010C1E638AE500D0AAA4 /* Debug */,
				9CFB010D1E638AE500D0AAA4 /* Release */,
			);
			defaultConfigurationIsVisible = 0;
			defaultConfigurationName = Release;
		};
		9CFB010E1E638AE500D0AAA4 /* Build configuration list for PBXNativeTarget "SOCCDemo" */ = {
			isa = XCConfigurationList;
			buildConfigurations = (
				9CFB010F1E638AE500D0AAA4 /* Debug */,
				9CFB01101E638AE500D0AAA4 /* Release */,
			);
			defaultConfigurationIsVisible = 0;
		};
/* End XCConfigurationList section */
	};
	rootObject = 9CFB00F41E638AE500D0AAA4 /* Project object */;
}
